
Microsoft Visual Studio Solution File, Format Version 12.00
# Visual Studio Version 17
VisualStudioVersion = 17.3.32825.248
MinimumVisualStudioVersion = 10.0.40219.1
Project("{FAE04EC0-301F-11D3-BF4B-00C04F79EFBC}") = "Exec_for05", "Exec_for05\Exec_for05.csproj", "{C1D30A3E-4FE3-4279-9BC6-10A3FBB8FB78}"
EndProject
Global
	GlobalSection(SolutionConfigurationPlatforms) = preSolution
		Debug|Any CPU = Debug|Any CPU
		Release|Any CPU = Release|Any CPU
	EndGlobalSection
	GlobalSection(ProjectConfigurationPlatforms) = postSolution
		{C1D30A3E-4FE3-4279-9BC6-10A3FBB8FB78}.Debug|Any CPU.ActiveCfg = Debug|Any CPU
		{C1D30A3E-4FE3-4279-9BC6-10A3FBB8FB78}.Debug|Any CPU.Build.0 = Debug|Any CPU
		{C1D30A3E-4FE3-4279-9BC6-10A3FBB8FB78}.Release|Any CPU.ActiveCfg = Release|Any CPU
		{C1D30A3E-4FE3-4279-9BC6-10A3FBB8FB78}.Release|Any CPU.Build.0 = Release|Any CPU
	EndGlobalSection
	GlobalSection(SolutionProperties) = preSolution
		HideSolutionNode = FALSE
	EndGlobalSection
	GlobalSection(ExtensibilityGlobals) = postSolution
		SolutionGuid = {17FEC21B-CF7A-4A27-AE43-65CEB798EDE9}
	EndGlobalSection
EndGlobal
